
Microsoft Visual Studio Solution File, Format Version 12.00
# Visual Studio Version 17
VisualStudioVersion = 17.13.35828.75 d17.13
MinimumVisualStudioVersion = 10.0.40219.1
Project("{9A19103F-16F7-4668-BE54-9A1E7A4F7556}") = "pecanCTF_Rev_Chals", "pecanCTF_Rev_Chals.csproj", "{D68F4ED0-5149-4649-AEF9-FED1EDB7685F}"
EndProject
Global
	GlobalSection(SolutionConfigurationPlatforms) = preSolution
		Debug|Any CPU = Debug|Any CPU
		Release|Any CPU = Release|Any CPU
	EndGlobalSection
	GlobalSection(ProjectConfigurationPlatforms) = postSolution
		{D68F4ED0-5149-4649-AEF9-FED1EDB7685F}.Debug|Any CPU.ActiveCfg = Debug|Any CPU
		{D68F4ED0-5149-4649-AEF9-FED1EDB7685F}.Debug|Any CPU.Build.0 = Debug|Any CPU
		{D68F4ED0-5149-4649-AEF9-FED1EDB7685F}.Release|Any CPU.ActiveCfg = Release|Any CPU
		{D68F4ED0-5149-4649-AEF9-FED1EDB7685F}.Release|Any CPU.Build.0 = Release|Any CPU
	EndGlobalSection
	GlobalSection(SolutionProperties) = preSolution
		HideSolutionNode = FALSE
	EndGlobalSection
	GlobalSection(ExtensibilityGlobals) = postSolution
		SolutionGuid = {1BD9BE78-9E35-4053-A8B7-34BF21E48C42}
	EndGlobalSection
EndGlobal
